{
  "name": "synabun",
  "version": "2026.9.1",
  "lockfileVersion": 3,
  "requires": true,
  "packages": {
    "": {
      "name": "synabun",
      "version": "2026.9.1",
      "hasInstallScript": true,
      "license": "Apache-2.0",
      "bin": {
        "synabun": "bin/synabun.js"
      },
      "engines": {
        "node": ">=22.19.0"
      }
    }
  }
}
